
Microsoft Visual Studio Solution File, Format Version 12.00
# Visual Studio Version 17
VisualStudioVersion = 17.4.33213.308
MinimumVisualStudioVersion = 10.0.40219.1
Project("{9A19103F-16F7-4668-BE54-9A1E7A4F7556}") = "Scala.ServiceClasses.Wpf", "Scala.ServiceClasses.Wpf\Scala.ServiceClasses.Wpf.csproj", "{40CAF5EC-9B95-4CDB-BDD2-7CDCC8A12EF1}"
EndProject
Project("{9A19103F-16F7-4668-BE54-9A1E7A4F7556}") = "Scala.ServiceClasses.Core", "Scala.ClassLibrary.Core\Scala.ServiceClasses.Core.csproj", "{258DFEAF-40FA-4C6E-BED6-ED71B5D77404}"
EndProject
Global
	GlobalSection(SolutionConfigurationPlatforms) = preSolution
		Debug|Any CPU = Debug|Any CPU
		Release|Any CPU = Release|Any CPU
	EndGlobalSection
	GlobalSection(ProjectConfigurationPlatforms) = postSolution
		{40CAF5EC-9B95-4CDB-BDD2-7CDCC8A12EF1}.Debug|Any CPU.ActiveCfg = Debug|Any CPU
		{40CAF5EC-9B95-4CDB-BDD2-7CDCC8A12EF1}.Debug|Any CPU.Build.0 = Debug|Any CPU
		{40CAF5EC-9B95-4CDB-BDD2-7CDCC8A12EF1}.Release|Any CPU.ActiveCfg = Release|Any CPU
		{40CAF5EC-9B95-4CDB-BDD2-7CDCC8A12EF1}.Release|Any CPU.Build.0 = Release|Any CPU
		{258DFEAF-40FA-4C6E-BED6-ED71B5D77404}.Debug|Any CPU.ActiveCfg = Debug|Any CPU
		{258DFEAF-40FA-4C6E-BED6-ED71B5D77404}.Debug|Any CPU.Build.0 = Debug|Any CPU
		{258DFEAF-40FA-4C6E-BED6-ED71B5D77404}.Release|Any CPU.ActiveCfg = Release|Any CPU
		{258DFEAF-40FA-4C6E-BED6-ED71B5D77404}.Release|Any CPU.Build.0 = Release|Any CPU
	EndGlobalSection
	GlobalSection(SolutionProperties) = preSolution
		HideSolutionNode = FALSE
	EndGlobalSection
	GlobalSection(ExtensibilityGlobals) = postSolution
		SolutionGuid = {66A31C58-2E4F-4CDF-90F0-D5332B6FAE13}
	EndGlobalSection
EndGlobal
